
Microsoft Visual Studio Solution File, Format Version 12.00
# Visual Studio Version 17
VisualStudioVersion = 17.8.34408.163
MinimumVisualStudioVersion = 10.0.40219.1
Project("{FAE04EC0-301F-11D3-BF4B-00C04F79EFBC}") = "DelegatesEvents", "DelegatesEvents.csproj", "{FF582D8F-C255-4DC9-8176-D67C58FB8F2F}"
EndProject
Global
	GlobalSection(SolutionConfigurationPlatforms) = preSolution
		Debug|Any CPU = Debug|Any CPU
		Release|Any CPU = Release|Any CPU
	EndGlobalSection
	GlobalSection(ProjectConfigurationPlatforms) = postSolution
		{FF582D8F-C255-4DC9-8176-D67C58FB8F2F}.Debug|Any CPU.ActiveCfg = Debug|Any CPU
		{FF582D8F-C255-4DC9-8176-D67C58FB8F2F}.Debug|Any CPU.Build.0 = Debug|Any CPU
		{FF582D8F-C255-4DC9-8176-D67C58FB8F2F}.Release|Any CPU.ActiveCfg = Release|Any CPU
		{FF582D8F-C255-4DC9-8176-D67C58FB8F2F}.Release|Any CPU.Build.0 = Release|Any CPU
	EndGlobalSection
	GlobalSection(SolutionProperties) = preSolution
		HideSolutionNode = FALSE
	EndGlobalSection
	GlobalSection(ExtensibilityGlobals) = postSolution
		SolutionGuid = {79740E78-FA5A-403F-AFB5-BA120A24B940}
	EndGlobalSection
EndGlobal
